// !$*UTF8*$!
{
	archiveVersion = 1;
	classes = {
	};
	objectVersion = 46;
	objects = {

/* Begin PBXBuildFile section */
		3C7DB4801E88F3B9001C5079 /* AppDelegate.swift in Sources */ = {isa = PBXBuildFile; fileRef = 3C7DB47F1E88F3B9001C5079 /* AppDelegate.swift */; };
		3C7DB4821E88F3B9001C5079 /* ViewController.swift in Sources */ = {isa = PBXBuildFile; fileRef = 3C7DB4811E88F3B9001C5079 /* ViewController.swift */; };
		3C7DB4851E88F3B9001C5079 /* Main.storyboard in Resources */ = {isa = PBXBuildFile; fileRef = 3C7DB4831E88F3B9001C5079 /* Main.storyboard */; };
		3C7DB4871E88F3B9001C5079 /* Assets.xcassets in Resources */ = {isa = PBXBuildFile; fileRef = 3C7DB4861E88F3B9001C5079 /* Assets.xcassets */; };
		3C7DB48A1E88F3B9001C5079 /* LaunchScreen.storyboard in Resources */ = {isa = PBXBuildFile; fileRef = 3C7DB4881E88F3B9001C5079 /* LaunchScreen.storyboard */; };
		3C7DB4951E88F3BA001C5079 /* AutoLayoutDemoTests.swift in Sources */ = {isa = PBXBuildFile; fileRef = 3C7DB4941E88F3BA001C5079 /* AutoLayoutDemoTests.swift */; };
		3C7DB4A01E88F3BA001C5079 /* AutoLayoutDemoUITests.swift in Sources */ = {isa = PBXBuildFile; fileRef = 3C7DB49F1E88F3BA001C5079 /* AutoLayoutDemoUITests.swift */; };
		3C7DB4AF1E88F62E001C5079 /* SnapKit.framework in Frameworks */ = {isa = PBXBuildFile; fileRef = 3C7DB4AE1E88F62E001C5079 /* SnapKit.framework */; };
		3C7DB4B01E88F62E001C5079 /* SnapKit.framework in Embed Frameworks */ = {isa = PBXBuildFile; fileRef = 3C7DB4AE1E88F62E001C5079 /* SnapKit.framework */; settings = {ATTRIBUTES = (CodeSignOnCopy, RemoveHeadersOnCopy, ); }; };
		3C7DB4B81E88F744001C5079 /* UIColorHex.swift in Sources */ = {isa = PBXBuildFile; fileRef = 3C7DB4B71E88F744001C5079 /* UIColorHex.swift */; };
		3C7DB4BE1E88FFED001C5079 /* IBLayoutViewController.swift in Sources */ = {isa = PBXBuildFile; fileRef = 3C7DB4BC1E88FFED001C5079 /* IBLayoutViewController.swift */; };
		3C7DB4BF1E88FFED001C5079 /* IBLayoutViewController.xib in Resources */ = {isa = PBXBuildFile; fileRef = 3C7DB4BD1E88FFED001C5079 /* IBLayoutViewController.xib */; };
		3C7DB4C11E890028001C5079 /* CodeNativeLayoutViewController.swift in Sources */ = {isa = PBXBuildFile; fileRef = 3C7DB4C01E890028001C5079 /* CodeNativeLayoutViewController.swift */; };
		3C7DB4C31E890033001C5079 /* SnapKitLayoutViewController.swift in Sources */ = {isa = PBXBuildFile; fileRef = 3C7DB4C21E890033001C5079 /* SnapKitLayoutViewController.swift */; };
		3C7DB4C51E8908C0001C5079 /* SKGeneralViewController.swift in Sources */ = {isa = PBXBuildFile; fileRef = 3C7DB4C41E8908C0001C5079 /* SKGeneralViewController.swift */; };
		3C7DB4C71E890A54001C5079 /* Cartfile in Resources */ = {isa = PBXBuildFile; fileRef = 3C7DB4C61E890A54001C5079 /* Cartfile */; };
		3C856D261E89F0410075231B /* SKAnimationViewController.swift in Sources */ = {isa = PBXBuildFile; fileRef = 3C856D251E89F0410075231B /* SKAnimationViewController.swift */; };
		3C856D281E89F9F60075231B /* SKScrollViewController.swift in Sources */ = {isa = PBXBuildFile; fileRef = 3C856D271E89F9F60075231B /* SKScrollViewController.swift */; };
		3C856D2A1E8A05D70075231B /* SKTableViewController.swift in Sources */ = {isa = PBXBuildFile; fileRef = 3C856D291E8A05D70075231B /* SKTableViewController.swift */; };
		3C856D2C1E8A06F90075231B /* SKTableViewCell.swift in Sources */ = {isa = PBXBuildFile; fileRef = 3C856D2B1E8A06F90075231B /* SKTableViewCell.swift */; };
		3C856D2E1E8A09010075231B /* SKTableViewCellModel.swift in Sources */ = {isa = PBXBuildFile; fileRef = 3C856D2D1E8A09010075231B /* SKTableViewCellModel.swift */; };
		3C856D301E8A16FE0075231B /* SKLayoutGuideViewController.swift in Sources */ = {isa = PBXBuildFile; fileRef = 3C856D2F1E8A16FE0075231B /* SKLayoutGuideViewController.swift */; };
		3C856D321E8A32370075231B /* CNGeneralViewController.swift in Sources */ = {isa = PBXBuildFile; fileRef = 3C856D311E8A32370075231B /* CNGeneralViewController.swift */; };
		3C856D341E8A32530075231B /* CNAnimationViewController.swift in Sources */ = {isa = PBXBuildFile; fileRef = 3C856D331E8A32530075231B /* CNAnimationViewController.swift */; };
		3C856D361E8A327A0075231B /* CNLayoutAnchorViewController.swift in Sources */ = {isa = PBXBuildFile; fileRef = 3C856D351E8A327A0075231B /* CNLayoutAnchorViewController.swift */; };
		3C856D381E8A32860075231B /* CNLayoutGuideViewController.swift in Sources */ = {isa = PBXBuildFile; fileRef = 3C856D371E8A32860075231B /* CNLayoutGuideViewController.swift */; };
/* End PBXBuildFile section */

/* Begin PBXContainerItemProxy section */
		3C7DB4911E88F3BA001C5079 /* PBXContainerItemProxy */ = {
			isa = PBXContainerItemProxy;
			containerPortal = 3C7DB4741E88F3B9001C5079 /* Project object */;
			proxyType = 1;
			remoteGlobalIDString = 3C7DB47B1E88F3B9001C5079;
			remoteInfo = AutoLayoutDemo;
		};
		3C7DB49C1E88F3BA001C5079 /* PBXContainerItemProxy */ = {
			isa = PBXContainerItemProxy;
			containerPortal = 3C7DB4741E88F3B9001C5079 /* Project object */;
			proxyType = 1;
			remoteGlobalIDString = 3C7DB47B1E88F3B9001C5079;
			remoteInfo = AutoLayoutDemo;
		};
/* End PBXContainerItemProxy section */

/* Begin PBXCopyFilesBuildPhase section */
		3C7DB4B11E88F62E001C5079 /* Embed Frameworks */ = {
			isa = PBXCopyFilesBuildPhase;
			buildActionMask = 2147483647;
			dstPath = "";
			dstSubfolderSpec = 10;
			files = (
				3C7DB4B01E88F62E001C5079 /* SnapKit.framework in Embed Frameworks */,
			);
			name = "Embed Frameworks";
			runOnlyForDeploymentPostprocessing = 0;
		};
/* End PBXCopyFilesBuildPhase section */

/* Begin PBXFileReference section */
		3C7DB47C1E88F3B9001C5079 /* AutoLayoutDemo.app */ = {isa = PBXFileReference; explicitFileType = wrapper.application; includeInIndex = 0; path = AutoLayoutDemo.app; sourceTree = BUILT_PRODUCTS_DIR; };
		3C7DB47F1E88F3B9001C5079 /* AppDelegate.swift */ = {isa = PBXFileReference; lastKnownFileType = sourcecode.swift; path = AppDelegate.swift; sourceTree = "<group>"; };
		3C7DB4811E88F3B9001C5079 /* ViewController.swift */ = {isa = PBXFileReference; lastKnownFileType = sourcecode.swift; path = ViewController.swift; sourceTree = "<group>"; };
		3C7DB4841E88F3B9001C5079 /* Base */ = {isa = PBXFileReference; lastKnownFileType = file.storyboard; name = Base; path = Base.lproj/Main.storyboard; sourceTree = "<group>"; };
		3C7DB4861E88F3B9001C5079 /* Assets.xcassets */ = {isa = PBXFileReference; lastKnownFileType = folder.assetcatalog; path = Assets.xcassets; sourceTree = "<group>"; };
		3C7DB4891E88F3B9001C5079 /* Base */ = {isa = PBXFileReference; lastKnownFileType = file.storyboard; name = Base; path = Base.lproj/LaunchScreen.storyboard; sourceTree = "<group>"; };
		3C7DB48B1E88F3B9001C5079 /* Info.plist */ = {isa = PBXFileReference; lastKnownFileType = text.plist.xml; path = Info.plist; sourceTree = "<group>"; };
		3C7DB4901E88F3BA001C5079 /* AutoLayoutDemoTests.xctest */ = {isa = PBXFileReference; explicitFileType = wrapper.cfbundle; includeInIndex = 0; path = AutoLayoutDemoTests.xctest; sourceTree = BUILT_PRODUCTS_DIR; };
		3C7DB4941E88F3BA001C5079 /* AutoLayoutDemoTests.swift */ = {isa = PBXFileReference; lastKnownFileType = sourcecode.swift; path = AutoLayoutDemoTests.swift; sourceTree = "<group>"; };
		3C7DB4961E88F3BA001C5079 /* Info.plist */ = {isa = PBXFileReference; lastKnownFileType = text.plist.xml; path = Info.plist; sourceTree = "<group>"; };
		3C7DB49B1E88F3BA001C5079 /* AutoLayoutDemoUITests.xctest */ = {isa = PBXFileReference; explicitFileType = wrapper.cfbundle; includeInIndex = 0; path = AutoLayoutDemoUITests.xctest; sourceTree = BUILT_PRODUCTS_DIR; };
		3C7DB49F1E88F3BA001C5079 /* AutoLayoutDemoUITests.swift */ = {isa = PBXFileReference; lastKnownFileType = sourcecode.swift; path = AutoLayoutDemoUITests.swift; sourceTree = "<group>"; };
		3C7DB4A11E88F3BA001C5079 /* Info.plist */ = {isa = PBXFileReference; lastKnownFileType = text.plist.xml; path = Info.plist; sourceTree = "<group>"; };
		3C7DB4AE1E88F62E001C5079 /* SnapKit.framework */ = {isa = PBXFileReference; lastKnownFileType = wrapper.framework; name = SnapKit.framework; path = Carthage/Build/iOS/SnapKit.framework; sourceTree = "<group>"; };
		3C7DB4B71E88F744001C5079 /* UIColorHex.swift */ = {isa = PBXFileReference; fileEncoding = 4; lastKnownFileType = sourcecode.swift; path = UIColorHex.swift; sourceTree = "<group>"; };
		3C7DB4BC1E88FFED001C5079 /* IBLayoutViewController.swift */ = {isa = PBXFileReference; fileEncoding = 4; lastKnownFileType = sourcecode.swift; path = IBLayoutViewController.swift; sourceTree = "<group>"; };
		3C7DB4BD1E88FFED001C5079 /* IBLayoutViewController.xib */ = {isa = PBXFileReference; fileEncoding = 4; lastKnownFileType = file.xib; path = IBLayoutViewController.xib; sourceTree = "<group>"; };
		3C7DB4C01E890028001C5079 /* CodeNativeLayoutViewController.swift */ = {isa = PBXFileReference; fileEncoding = 4; lastKnownFileType = sourcecode.swift; path = CodeNativeLayoutViewController.swift; sourceTree = "<group>"; };
		3C7DB4C21E890033001C5079 /* SnapKitLayoutViewController.swift */ = {isa = PBXFileReference; fileEncoding = 4; lastKnownFileType = sourcecode.swift; path = SnapKitLayoutViewController.swift; sourceTree = "<group>"; };
		3C7DB4C41E8908C0001C5079 /* SKGeneralViewController.swift */ = {isa = PBXFileReference; fileEncoding = 4; lastKnownFileType = sourcecode.swift; path = SKGeneralViewController.swift; sourceTree = "<group>"; };
		3C7DB4C61E890A54001C5079 /* Cartfile */ = {isa = PBXFileReference; fileEncoding = 4; lastKnownFileType = text; path = Cartfile; sourceTree = "<group>"; };
		3C856D251E89F0410075231B /* SKAnimationViewController.swift */ = {isa = PBXFileReference; fileEncoding = 4; lastKnownFileType = sourcecode.swift; path = SKAnimationViewController.swift; sourceTree = "<group>"; };
		3C856D271E89F9F60075231B /* SKScrollViewController.swift */ = {isa = PBXFileReference; fileEncoding = 4; lastKnownFileType = sourcecode.swift; path = SKScrollViewController.swift; sourceTree = "<group>"; };
		3C856D291E8A05D70075231B /* SKTableViewController.swift */ = {isa = PBXFileReference; fileEncoding = 4; lastKnownFileType = sourcecode.swift; path = SKTableViewController.swift; sourceTree = "<group>"; };
		3C856D2B1E8A06F90075231B /* SKTableViewCell.swift */ = {isa = PBXFileReference; fileEncoding = 4; lastKnownFileType = sourcecode.swift; path = SKTableViewCell.swift; sourceTree = "<group>"; };
		3C856D2D1E8A09010075231B /* SKTableViewCellModel.swift */ = {isa = PBXFileReference; fileEncoding = 4; lastKnownFileType = sourcecode.swift; path = SKTableViewCellModel.swift; sourceTree = "<group>"; };
		3C856D2F1E8A16FE0075231B /* SKLayoutGuideViewController.swift */ = {isa = PBXFileReference; fileEncoding = 4; lastKnownFileType = sourcecode.swift; path = SKLayoutGuideViewController.swift; sourceTree = "<group>"; };
		3C856D311E8A32370075231B /* CNGeneralViewController.swift */ = {isa = PBXFileReference; fileEncoding = 4; lastKnownFileType = sourcecode.swift; path = CNGeneralViewController.swift; sourceTree = "<group>"; };
		3C856D331E8A32530075231B /* CNAnimationViewController.swift */ = {isa = PBXFileReference; fileEncoding = 4; lastKnownFileType = sourcecode.swift; path = CNAnimationViewController.swift; sourceTree = "<group>"; };
		3C856D351E8A327A0075231B /* CNLayoutAnchorViewController.swift */ = {isa = PBXFileReference; fileEncoding = 4; lastKnownFileType = sourcecode.swift; path = CNLayoutAnchorViewController.swift; sourceTree = "<group>"; };
		3C856D371E8A32860075231B /* CNLayoutGuideViewController.swift */ = {isa = PBXFileReference; fileEncoding = 4; lastKnownFileType = sourcecode.swift; path = CNLayoutGuideViewController.swift; sourceTree = "<group>"; };
/* End PBXFileReference section */

/* Begin PBXFrameworksBuildPhase section */
		3C7DB4791E88F3B9001C5079 /* Frameworks */ = {
			isa = PBXFrameworksBuildPhase;
			buildActionMask = 2147483647;
			files = (
				3C7DB4AF1E88F62E001C5079 /* SnapKit.framework in Frameworks */,
			);
			runOnlyForDeploymentPostprocessing = 0;
		};
		3C7DB48D1E88F3BA001C5079 /* Frameworks */ = {
			isa = PBXFrameworksBuildPhase;
			buildActionMask = 2147483647;
			files = (
			);
			runOnlyForDeploymentPostprocessing = 0;
		};
		3C7DB4981E88F3BA001C5079 /* Frameworks */ = {
			isa = PBXFrameworksBuildPhase;
			buildActionMask = 2147483647;
			files = (
			);
			runOnlyForDeploymentPostprocessing = 0;
		};
/* End PBXFrameworksBuildPhase section */

/* Begin PBXGroup section */
		3C7DB4731E88F3B9001C5079 = {
			isa = PBXGroup;
			children = (
				3C7DB4C61E890A54001C5079 /* Cartfile */,
				3C7DB4AE1E88F62E001C5079 /* SnapKit.framework */,
				3C7DB47E1E88F3B9001C5079 /* AutoLayoutDemo */,
				3C7DB4931E88F3BA001C5079 /* AutoLayoutDemoTests */,
				3C7DB49E1E88F3BA001C5079 /* AutoLayoutDemoUITests */,
				3C7DB47D1E88F3B9001C5079 /* Products */,
			);
			sourceTree = "<group>";
		};
		3C7DB47D1E88F3B9001C5079 /* Products */ = {
			isa = PBXGroup;
			children = (
				3C7DB47C1E88F3B9001C5079 /* AutoLayoutDemo.app */,
				3C7DB4901E88F3BA001C5079 /* AutoLayoutDemoTests.xctest */,
				3C7DB49B1E88F3BA001C5079 /* AutoLayoutDemoUITests.xctest */,
			);
			name = Products;
			sourceTree = "<group>";
		};
		3C7DB47E1E88F3B9001C5079 /* AutoLayoutDemo */ = {
			isa = PBXGroup;
			children = (
				3C7DB4B41E88F694001C5079 /* Category */,
				3C7DB47F1E88F3B9001C5079 /* AppDelegate.swift */,
				3C7DB4811E88F3B9001C5079 /* ViewController.swift */,
				3C7DB4831E88F3B9001C5079 /* Main.storyboard */,
				3C7DB4B91E88F8DE001C5079 /* CodeNativeLayout */,
				3C7DB4BA1E88F8DE001C5079 /* IBLayout */,
				3C7DB4BB1E88F8DE001C5079 /* SnapKitLayout */,
				3C7DB4861E88F3B9001C5079 /* Assets.xcassets */,
				3C7DB4881E88F3B9001C5079 /* LaunchScreen.storyboard */,
				3C7DB48B1E88F3B9001C5079 /* Info.plist */,
			);
			path = AutoLayoutDemo;
			sourceTree = "<group>";
		};
		3C7DB4931E88F3BA001C5079 /* AutoLayoutDemoTests */ = {
			isa = PBXGroup;
			children = (
				3C7DB4941E88F3BA001C5079 /* AutoLayoutDemoTests.swift */,
				3C7DB4961E88F3BA001C5079 /* Info.plist */,
			);
			path = AutoLayoutDemoTests;
			sourceTree = "<group>";
		};
		3C7DB49E1E88F3BA001C5079 /* AutoLayoutDemoUITests */ = {
			isa = PBXGroup;
			children = (
				3C7DB49F1E88F3BA001C5079 /* AutoLayoutDemoUITests.swift */,
				3C7DB4A11E88F3BA001C5079 /* Info.plist */,
			);
			path = AutoLayoutDemoUITests;
			sourceTree = "<group>";
		};
		3C7DB4B41E88F694001C5079 /* Category */ = {
			isa = PBXGroup;
			children = (
				3C7DB4B71E88F744001C5079 /* UIColorHex.swift */,
			);
			path = Category;
			sourceTree = "<group>";
		};
		3C7DB4B91E88F8DE001C5079 /* CodeNativeLayout */ = {
			isa = PBXGroup;
			children = (
				3C7DB4C01E890028001C5079 /* CodeNativeLayoutViewController.swift */,
				3C856D311E8A32370075231B /* CNGeneralViewController.swift */,
				3C856D331E8A32530075231B /* CNAnimationViewController.swift */,
				3C856D351E8A327A0075231B /* CNLayoutAnchorViewController.swift */,
				3C856D371E8A32860075231B /* CNLayoutGuideViewController.swift */,
			);
			path = CodeNativeLayout;
			sourceTree = "<group>";
		};
		3C7DB4BA1E88F8DE001C5079 /* IBLayout */ = {
			isa = PBXGroup;
			children = (
				3C7DB4BC1E88FFED001C5079 /* IBLayoutViewController.swift */,
				3C7DB4BD1E88FFED001C5079 /* IBLayoutViewController.xib */,
			);
			path = IBLayout;
			sourceTree = "<group>";
		};
		3C7DB4BB1E88F8DE001C5079 /* SnapKitLayout */ = {
			isa = PBXGroup;
			children = (
				3C7DB4C21E890033001C5079 /* SnapKitLayoutViewController.swift */,
				3C7DB4C41E8908C0001C5079 /* SKGeneralViewController.swift */,
				3C856D251E89F0410075231B /* SKAnimationViewController.swift */,
				3C856D271E89F9F60075231B /* SKScrollViewController.swift */,
				3C856D291E8A05D70075231B /* SKTableViewController.swift */,
				3C856D2B1E8A06F90075231B /* SKTableViewCell.swift */,
				3C856D2D1E8A09010075231B /* SKTableViewCellModel.swift */,
				3C856D2F1E8A16FE0075231B /* SKLayoutGuideViewController.swift */,
			);
			path = SnapKitLayout;
			sourceTree = "<group>";
		};
/* End PBXGroup section */

/* Begin PBXNativeTarget section */
		3C7DB47B1E88F3B9001C5079 /* AutoLayoutDemo */ = {
			isa = PBXNativeTarget;
			buildConfigurationList = 3C7DB4A41E88F3BA001C5079 /* Build configuration list for PBXNativeTarget "AutoLayoutDemo" */;
			buildPhases = (
				3C7DB4781E88F3B9001C5079 /* Sources */,
				3C7DB4791E88F3B9001C5079 /* Frameworks */,
				3C7DB47A1E88F3B9001C5079 /* Resources */,
				3C7DB4B11E88F62E001C5079 /* Embed Frameworks */,
			);
			buildRules = (
			);
			dependencies = (
			);
			name = AutoLayoutDemo;
			productName = AutoLayoutDemo;
			productReference = 3C7DB47C1E88F3B9001C5079 /* AutoLayoutDemo.app */;
			productType = "com.apple.product-type.application";
		};
		3C7DB48F1E88F3BA001C5079 /* AutoLayoutDemoTests */ = {
			isa = PBXNativeTarget;
			buildConfigurationList = 3C7DB4A71E88F3BA001C5079 /* Build configuration list for PBXNativeTarget "AutoLayoutDemoTests" */;
			buildPhases = (
				3C7DB48C1E88F3BA001C5079 /* Sources */,
				3C7DB48D1E88F3BA001C5079 /* Frameworks */,
				3C7DB48E1E88F3BA001C5079 /* Resources */,
			);
			buildRules = (
			);
			dependencies = (
				3C7DB4921E88F3BA001C5079 /* PBXTargetDependency */,
			);
			name = AutoLayoutDemoTests;
			productName = AutoLayoutDemoTests;
			productReference = 3C7DB4901E88F3BA001C5079 /* AutoLayoutDemoTests.xctest */;
			productType = "com.apple.product-type.bundle.unit-test";
		};
		3C7DB49A1E88F3BA001C5079 /* AutoLayoutDemoUITests */ = {
			isa = PBXNativeTarget;
			buildConfigurationList = 3C7DB4AA1E88F3BA001C5079 /* Build configuration list for PBXNativeTarget "AutoLayoutDemoUITests" */;
			buildPhases = (
				3C7DB4971E88F3BA001C5079 /* Sources */,
				3C7DB4981E88F3BA001C5079 /* Frameworks */,
				3C7DB4991E88F3BA001C5079 /* Resources */,
			);
			buildRules = (
			);
			dependencies = (
				3C7DB49D1E88F3BA001C5079 /* PBXTargetDependency */,
			);
			name = AutoLayoutDemoUITests;
			productName = AutoLayoutDemoUITests;
			productReference = 3C7DB49B1E88F3BA001C5079 /* AutoLayoutDemoUITests.xctest */;
			productType = "com.apple.product-type.bundle.ui-testing";
		};
/* End PBXNativeTarget section */

/* Begin PBXProject section */
		3C7DB4741E88F3B9001C5079 /* Project object */ = {
			isa = PBXProject;
			attributes = {
				LastSwiftUpdateCheck = 0820;
				LastUpgradeCheck = 0820;
				ORGANIZATIONNAME = "董知樾";
				TargetAttributes = {
					3C7DB47B1E88F3B9001C5079 = {
						CreatedOnToolsVersion = 8.2.1;
						DevelopmentTeam = 7WLC7DGYAW;
						ProvisioningStyle = Automatic;
					};
					3C7DB48F1E88F3BA001C5079 = {
						CreatedOnToolsVersion = 8.2.1;
						DevelopmentTeam = 7WLC7DGYAW;
						ProvisioningStyle = Automatic;
						TestTargetID = 3C7DB47B1E88F3B9001C5079;
					};
					3C7DB49A1E88F3BA001C5079 = {
						CreatedOnToolsVersion = 8.2.1;
						DevelopmentTeam = 7WLC7DGYAW;
						ProvisioningStyle = Automatic;
						TestTargetID = 3C7DB47B1E88F3B9001C5079;
					};
				};
			};
			buildConfigurationList = 3C7DB4771E88F3B9001C5079 /* Build configuration list for PBXProject "AutoLayoutDemo" */;
			compatibilityVersion = "Xcode 3.2";
			developmentRegion = English;
			hasScannedForEncodings = 0;
			knownRegions = (
				en,
				Base,
			);
			mainGroup = 3C7DB4731E88F3B9001C5079;
			productRefGroup = 3C7DB47D1E88F3B9001C5079 /* Products */;
			projectDirPath = "";
			projectRoot = "";
			targets = (
				3C7DB47B1E88F3B9001C5079 /* AutoLayoutDemo */,
				3C7DB48F1E88F3BA001C5079 /* AutoLayoutDemoTests */,
				3C7DB49A1E88F3BA001C5079 /* AutoLayoutDemoUITests */,
			);
		};
/* End PBXProject section */

/* Begin PBXResourcesBuildPhase section */
		3C7DB47A1E88F3B9001C5079 /* Resources */ = {
			isa = PBXResourcesBuildPhase;
			buildActionMask = 2147483647;
			files = (
				3C7DB4C71E890A54001C5079 /* Cartfile in Resources */,
				3C7DB48A1E88F3B9001C5079 /* LaunchScreen.storyboard in Resources */,
				3C7DB4871E88F3B9001C5079 /* Assets.xcassets in Resources */,
				3C7DB4851E88F3B9001C5079 /* Main.storyboard in Resources */,
				3C7DB4BF1E88FFED001C5079 /* IBLayoutViewController.xib in Resources */,
			);
			runOnlyForDeploymentPostprocessing = 0;
		};
		3C7DB48E1E88F3BA001C5079 /* Resources */ = {
			isa = PBXResourcesBuildPhase;
			buildActionMask = 2147483647;
			files = (
			);
			runOnlyForDeploymentPostprocessing = 0;
		};
		3C7DB4991E88F3BA001C5079 /* Resources */ = {
			isa = PBXResourcesBuildPhase;
			buildActionMask = 2147483647;
			files = (
			);
			runOnlyForDeploymentPostprocessing = 0;
		};
/* End PBXResourcesBuildPhase section */

/* Begin PBXSourcesBuildPhase section */
		3C7DB4781E88F3B9001C5079 /* Sources */ = {
			isa = PBXSourcesBuildPhase;
			buildActionMask = 2147483647;
			files = (
				3C7DB4C11E890028001C5079 /* CodeNativeLayoutViewController.swift in Sources */,
				3C856D2C1E8A06F90075231B /* SKTableViewCell.swift in Sources */,
				3C7DB4B81E88F744001C5079 /* UIColorHex.swift in Sources */,
				3C856D381E8A32860075231B /* CNLayoutGuideViewController.swift in Sources */,
				3C856D2E1E8A09010075231B /* SKTableViewCellModel.swift in Sources */,
				3C856D341E8A32530075231B /* CNAnimationViewController.swift in Sources */,
				3C7DB4821E88F3B9001C5079 /* ViewController.swift in Sources */,
				3C7DB4C31E890033001C5079 /* SnapKitLayoutViewController.swift in Sources */,
				3C7DB4801E88F3B9001C5079 /* AppDelegate.swift in Sources */,
				3C856D2A1E8A05D70075231B /* SKTableViewController.swift in Sources */,
				3C856D281E89F9F60075231B /* SKScrollViewController.swift in Sources */,
				3C7DB4BE1E88FFED001C5079 /* IBLayoutViewController.swift in Sources */,
				3C856D321E8A32370075231B /* CNGeneralViewController.swift in Sources */,
				3C7DB4C51E8908C0001C5079 /* SKGeneralViewController.swift in Sources */,
				3C856D301E8A16FE0075231B /* SKLayoutGuideViewController.swift in Sources */,
				3C856D361E8A327A0075231B /* CNLayoutAnchorViewController.swift in Sources */,
				3C856D261E89F0410075231B /* SKAnimationViewController.swift in Sources */,
			);
			runOnlyForDeploymentPostprocessing = 0;
		};
		3C7DB48C1E88F3BA001C5079 /* Sources */ = {
			isa = PBXSourcesBuildPhase;
			buildActionMask = 2147483647;
			files = (
				3C7DB4951E88F3BA001C5079 /* AutoLayoutDemoTests.swift in Sources */,
			);
			runOnlyForDeploymentPostprocessing = 0;
		};
		3C7DB4971E88F3BA001C5079 /* Sources */ = {
			isa = PBXSourcesBuildPhase;
			buildActionMask = 2147483647;
			files = (
				3C7DB4A01E88F3BA001C5079 /* AutoLayoutDemoUITests.swift in Sources */,
			);
			runOnlyForDeploymentPostprocessing = 0;
		};
/* End PBXSourcesBuildPhase section */

/* Begin PBXTargetDependency section */
		3C7DB4921E88F3BA001C5079 /* PBXTargetDependency */ = {
			isa = PBXTargetDependency;
			target = 3C7DB47B1E88F3B9001C5079 /* AutoLayoutDemo */;
			targetProxy = 3C7DB4911E88F3BA001C5079 /* PBXContainerItemProxy */;
		};
		3C7DB49D1E88F3BA001C5079 /* PBXTargetDependency */ = {
			isa = PBXTargetDependency;
			target = 3C7DB47B1E88F3B9001C5079 /* AutoLayoutDemo */;
			targetProxy = 3C7DB49C1E88F3BA001C5079 /* PBXContainerItemProxy */;
		};
/* End PBXTargetDependency section */

/* Begin PBXVariantGroup section */
		3C7DB4831E88F3B9001C5079 /* Main.storyboard */ = {
			isa = PBXVariantGroup;
			children = (
				3C7DB4841E88F3B9001C5079 /* Base */,
			);
			name = Main.storyboard;
			sourceTree = "<group>";
		};
		3C7DB4881E88F3B9001C5079 /* LaunchScreen.storyboard */ = {
			isa = PBXVariantGroup;
			children = (
				3C7DB4891E88F3B9001C5079 /* Base */,
			);
			name = LaunchScreen.storyboard;
			sourceTree = "<group>";
		};
/* End PBXVariantGroup section */

/* Begin XCBuildConfiguration section */
		3C7DB4A21E88F3BA001C5079 /* Debug */ = {
			isa = XCBuildConfiguration;
			buildSettings = {
				ALWAYS_SEARCH_USER_PATHS = NO;
				CLANG_ANALYZER_NONNULL = YES;
				CLANG_CXX_LANGUAGE_STANDARD = "gnu++0x";
				CLANG_CXX_LIBRARY = "libc++";
				CLANG_ENABLE_MODULES = YES;
				CLANG_ENABLE_OBJC_ARC = YES;
				CLANG_WARN_BOOL_CONVERSION = YES;
				CLANG_WARN_CONSTANT_CONVERSION = YES;
				CLANG_WARN_DIRECT_OBJC_ISA_USAGE = YES_ERROR;
				CLANG_WARN_DOCUMENTATION_COMMENTS = YES;
				CLANG_WARN_EMPTY_BODY = YES;
				CLANG_WARN_ENUM_CONVERSION = YES;
				CLANG_WARN_INFINITE_RECURSION = YES;
				CLANG_WARN_INT_CONVERSION = YES;
				CLANG_WARN_OBJC_ROOT_CLASS = YES_ERROR;
				CLANG_WARN_SUSPICIOUS_MOVE = YES;
				CLANG_WARN_UNREACHABLE_CODE = YES;
				CLANG_WARN__DUPLICATE_METHOD_MATCH = YES;
				"CODE_SIGN_IDENTITY[sdk=iphoneos*]" = "iPhone Developer";
				COPY_PHASE_STRIP = NO;
				DEBUG_INFORMATION_FORMAT = dwarf;
				ENABLE_STRICT_OBJC_MSGSEND = YES;
				ENABLE_TESTABILITY = YES;
				GCC_C_LANGUAGE_STANDARD = gnu99;
				GCC_DYNAMIC_NO_PIC = NO;
				GCC_NO_COMMON_BLOCKS = YES;
				GCC_OPTIMIZATION_LEVEL = 0;
				GCC_PREPROCESSOR_DEFINITIONS = (
					"DEBUG=1",
					"$(inherited)",
				);
				GCC_WARN_64_TO_32_BIT_CONVERSION = YES;
				GCC_WARN_ABOUT_RETURN_TYPE = YES_ERROR;
				GCC_WARN_UNDECLARED_SELECTOR = YES;
				GCC_WARN_UNINITIALIZED_AUTOS = YES_AGGRESSIVE;
				GCC_WARN_UNUSED_FUNCTION = YES;
				GCC_WARN_UNUSED_VARIABLE = YES;
				IPHONEOS_DEPLOYMENT_TARGET = 10.2;
				MTL_ENABLE_DEBUG_INFO = YES;
				ONLY_ACTIVE_ARCH = YES;
				SDKROOT = iphoneos;
				SWIFT_ACTIVE_COMPILATION_CONDITIONS = DEBUG;
				SWIFT_OPTIMIZATION_LEVEL = "-Onone";
				TARGETED_DEVICE_FAMILY = "1,2";
			};
			name = Debug;
		};
		3C7DB4A31E88F3BA001C5079 /* Release */ = {
			isa = XCBuildConfiguration;
			buildSettings = {
				ALWAYS_SEARCH_USER_PATHS = NO;
				CLANG_ANALYZER_NONNULL = YES;
				CLANG_CXX_LANGUAGE_STANDARD = "gnu++0x";
				CLANG_CXX_LIBRARY = "libc++";
				CLANG_ENABLE_MODULES = YES;
				CLANG_ENABLE_OBJC_ARC = YES;
				CLANG_WARN_BOOL_CONVERSION = YES;
				CLANG_WARN_CONSTANT_CONVERSION = YES;
				CLANG_WARN_DIRECT_OBJC_ISA_USAGE = YES_ERROR;
				CLANG_WARN_DOCUMENTATION_COMMENTS = YES;
				CLANG_WARN_EMPTY_BODY = YES;
				CLANG_WARN_ENUM_CONVERSION = YES;
				CLANG_WARN_INFINITE_RECURSION = YES;
				CLANG_WARN_INT_CONVERSION = YES;
				CLANG_WARN_OBJC_ROOT_CLASS = YES_ERROR;
				CLANG_WARN_SUSPICIOUS_MOVE = YES;
				CLANG_WARN_UNREACHABLE_CODE = YES;
				CLANG_WARN__DUPLICATE_METHOD_MATCH = YES;
				"CODE_SIGN_IDENTITY[sdk=iphoneos*]" = "iPhone Developer";
				COPY_PHASE_STRIP = NO;
				DEBUG_INFORMATION_FORMAT = "dwarf-with-dsym";
				ENABLE_NS_ASSERTIONS = NO;
				ENABLE_STRICT_OBJC_MSGSEND = YES;
				GCC_C_LANGUAGE_STANDARD = gnu99;
				GCC_NO_COMMON_BLOCKS = YES;
				GCC_WARN_64_TO_32_BIT_CONVERSION = YES;
				GCC_WARN_ABOUT_RETURN_TYPE = YES_ERROR;
				GCC_WARN_UNDECLARED_SELECTOR = YES;
				GCC_WARN_UNINITIALIZED_AUTOS = YES_AGGRESSIVE;
				GCC_WARN_UNUSED_FUNCTION = YES;
				GCC_WARN_UNUSED_VARIABLE = YES;
				IPHONEOS_DEPLOYMENT_TARGET = 10.2;
				MTL_ENABLE_DEBUG_INFO = NO;
				SDKROOT = iphoneos;
				SWIFT_OPTIMIZATION_LEVEL = "-Owholemodule";
				TARGETED_DEVICE_FAMILY = "1,2";
				VALIDATE_PRODUCT = YES;
			};
			name = Release;
		};
		3C7DB4A51E88F3BA001C5079 /* Debug */ = {
			isa = XCBuildConfiguration;
			buildSettings = {
				ASSETCATALOG_COMPILER_APPICON_NAME = AppIcon;
				DEVELOPMENT_TEAM = 7WLC7DGYAW;
				FRAMEWORK_SEARCH_PATHS = (
					"$(inherited)",
					"$(PROJECT_DIR)/Carthage/Build/iOS",
				);
				INFOPLIST_FILE = AutoLayoutDemo/Info.plist;
				LD_RUNPATH_SEARCH_PATHS = "$(inherited) @executable_path/Frameworks";
				PRODUCT_BUNDLE_IDENTIFIER = com.yue.AutoLayoutDemo;
				PRODUCT_NAME = "$(TARGET_NAME)";
				SWIFT_VERSION = 3.0;
			};
			name = Debug;
		};
		3C7DB4A61E88F3BA001C5079 /* Release */ = {
			isa = XCBuildConfiguration;
			buildSettings = {
				ASSETCATALOG_COMPILER_APPICON_NAME = AppIcon;
				DEVELOPMENT_TEAM = 7WLC7DGYAW;
				FRAMEWORK_SEARCH_PATHS = (
					"$(inherited)",
					"$(PROJECT_DIR)/Carthage/Build/iOS",
				);
				INFOPLIST_FILE = AutoLayoutDemo/Info.plist;
				LD_RUNPATH_SEARCH_PATHS = "$(inherited) @executable_path/Frameworks";
				PRODUCT_BUNDLE_IDENTIFIER = com.yue.AutoLayoutDemo;
				PRODUCT_NAME = "$(TARGET_NAME)";
				SWIFT_VERSION = 3.0;
			};
			name = Release;
		};
		3C7DB4A81E88F3BA001C5079 /* Debug */ = {
			isa = XCBuildConfiguration;
			buildSettings = {
				ALWAYS_EMBED_SWIFT_STANDARD_LIBRARIES = YES;
				BUNDLE_LOADER = "$(TEST_HOST)";
				DEVELOPMENT_TEAM = 7WLC7DGYAW;
				INFOPLIST_FILE = AutoLayoutDemoTests/Info.plist;
				LD_RUNPATH_SEARCH_PATHS = "$(inherited) @executable_path/Frameworks @loader_path/Frameworks";
				PRODUCT_BUNDLE_IDENTIFIER = com.yue.AutoLayoutDemoTests;
				PRODUCT_NAME = "$(TARGET_NAME)";
				SWIFT_VERSION = 3.0;
				TEST_HOST = "$(BUILT_PRODUCTS_DIR)/AutoLayoutDemo.app/AutoLayoutDemo";
			};
			name = Debug;
		};
		3C7DB4A91E88F3BA001C5079 /* Release */ = {
			isa = XCBuildConfiguration;
			buildSettings = {
				ALWAYS_EMBED_SWIFT_STANDARD_LIBRARIES = YES;
				BUNDLE_LOADER = "$(TEST_HOST)";
				DEVELOPMENT_TEAM = 7WLC7DGYAW;
				INFOPLIST_FILE = AutoLayoutDemoTests/Info.plist;
				LD_RUNPATH_SEARCH_PATHS = "$(inherited) @executable_path/Frameworks @loader_path/Frameworks";
				PRODUCT_BUNDLE_IDENTIFIER = com.yue.AutoLayoutDemoTests;
				PRODUCT_NAME = "$(TARGET_NAME)";
				SWIFT_VERSION = 3.0;
				TEST_HOST = "$(BUILT_PRODUCTS_DIR)/AutoLayoutDemo.app/AutoLayoutDemo";
			};
			name = Release;
		};
		3C7DB4AB1E88F3BA001C5079 /* Debug */ = {
			isa = XCBuildConfiguration;
			buildSettings = {
				ALWAYS_EMBED_SWIFT_STANDARD_LIBRARIES = YES;
				DEVELOPMENT_TEAM = 7WLC7DGYAW;
				INFOPLIST_FILE = AutoLayoutDemoUITests/Info.plist;
				LD_RUNPATH_SEARCH_PATHS = "$(inherited) @executable_path/Frameworks @loader_path/Frameworks";
				PRODUCT_BUNDLE_IDENTIFIER = com.yue.AutoLayoutDemoUITests;
				PRODUCT_NAME = "$(TARGET_NAME)";
				SWIFT_VERSION = 3.0;
				TEST_TARGET_NAME = AutoLayoutDemo;
			};
			name = Debug;
		};
		3C7DB4AC1E88F3BA001C5079 /* Release */ = {
			isa = XCBuildConfiguration;
			buildSettings = {
				ALWAYS_EMBED_SWIFT_STANDARD_LIBRARIES = YES;
				DEVELOPMENT_TEAM = 7WLC7DGYAW;
				INFOPLIST_FILE = AutoLayoutDemoUITests/Info.plist;
				LD_RUNPATH_SEARCH_PATHS = "$(inherited) @executable_path/Frameworks @loader_path/Frameworks";
				PRODUCT_BUNDLE_IDENTIFIER = com.yue.AutoLayoutDemoUITests;
				PRODUCT_NAME = "$(TARGET_NAME)";
				SWIFT_VERSION = 3.0;
				TEST_TARGET_NAME = AutoLayoutDemo;
			};
			name = Release;
		};
/* End XCBuildConfiguration section */

/* Begin XCConfigurationList section */
		3C7DB4771E88F3B9001C5079 /* Build configuration list for PBXProject "AutoLayoutDemo" */ = {
			isa = XCConfigurationList;
			buildConfigurations = (
				3C7DB4A21E88F3BA001C5079 /* Debug */,
				3C7DB4A31E88F3BA001C5079 /* Release */,
			);
			defaultConfigurationIsVisible = 0;
			defaultConfigurationName = Release;
		};
		3C7DB4A41E88F3BA001C5079 /* Build configuration list for PBXNativeTarget "AutoLayoutDemo" */ = {
			isa = XCConfigurationList;
			buildConfigurations = (
				3C7DB4A51E88F3BA001C5079 /* Debug */,
				3C7DB4A61E88F3BA001C5079 /* Release */,
			);
			defaultConfigurationIsVisible = 0;
			defaultConfigurationName = Release;
		};
		3C7DB4A71E88F3BA001C5079 /* Build configuration list for PBXNativeTarget "AutoLayoutDemoTests" */ = {
			isa = XCConfigurationList;
			buildConfigurations = (
				3C7DB4A81E88F3BA001C5079 /* Debug */,
				3C7DB4A91E88F3BA001C5079 /* Release */,
			);
			defaultConfigurationIsVisible = 0;
			defaultConfigurationName = Release;
		};
		3C7DB4AA1E88F3BA001C5079 /* Build configuration list for PBXNativeTarget "AutoLayoutDemoUITests" */ = {
			isa = XCConfigurationList;
			buildConfigurations = (
				3C7DB4AB1E88F3BA001C5079 /* Debug */,
				3C7DB4AC1E88F3BA001C5079 /* Release */,
			);
			defaultConfigurationIsVisible = 0;
			defaultConfigurationName = Release;
		};
/* End XCConfigurationList section */
	};
	rootObject = 3C7DB4741E88F3B9001C5079 /* Project object */;
}
